{
  "name": "@density/ui-input-box",
  "version": "2.1.5",
  "lockfileVersion": 1,
  "requires": true,
  "dependencies": {
    "@density/ui": {
      "version": "5.0.3",
      "resolved": "https://registry.npmjs.org/@density/ui/-/ui-5.0.3.tgz",
      "integrity": "sha512-+Uv+WrfCTHqZvAosgDwBzi3FFEfV8YrsQoQl+1CfZybOndE5dZ6gManQUpupDFN8BxqDpmQPOT2lzBfIeZc+sw==",
      "requires": {
        "classnames": "^2.2.5",
        "normalize.css": "^7.0.0",
        "uuid": "^3.0.1"
      }
    },
    "@density/ui-icons": {
      "version": "0.2.2",
      "resolved": "https://registry.npmjs.org/@density/ui-icons/-/ui-icons-0.2.2.tgz",
      "integrity": "sha512-Ptxb829Sbxb6gEovhRftIW3MLUgpooHkXl2QcNnL1ydTGRnpT7RK3B6OomiyV5RvsNgqzeS8MtP/7ohsJqcrZg==",
      "requires": {
        "@density/ui": "^5.0.3"
      }
    },
    "classnames": {
      "version": "2.2.6",
      "resolved": "https://registry.npmjs.org/classnames/-/classnames-2.2.6.tgz",
      "integrity": "sha512-JR/iSQOSt+LQIWwrwEzJ9uk0xfN3mTVYMwt1Ir5mUcSN6pU+V4zQFFaJsclJbPuAUQH+yfWef6tm7l1quW3C8Q=="
    },
    "normalize.css": {
      "version": "7.0.0",
      "resolved": "https://registry.npmjs.org/normalize.css/-/normalize.css-7.0.0.tgz",
      "integrity": "sha1-q/sd2CRwZ04DIrU86xqvQSk45L8="
    },
    "uuid": {
      "version": "3.3.2",
      "resolved": "https://registry.npmjs.org/uuid/-/uuid-3.3.2.tgz",
      "integrity": "sha512-yXJmeNaw3DnnKAOKJE51sL/ZaYfWJRl1pK9dr19YFCu0ObS231AB1/LbqTKRAQ5kw8A90rA6fr4riOUpTZvQZA=="
    }
  }
}
